{
    "name": "objj-ojtest",
    "version": "0.2.0",
    "lockfileVersion": 1,
    "requires": true,
    "dependencies": {
        "amdefine": {
            "version": "1.0.1",
            "resolved": "https://registry.npmjs.org/amdefine/-/amdefine-1.0.1.tgz",
            "integrity": "sha1-SlKCrBZHKek2Gbz9OtFR+BfOkfU="
        },
        "objj-parser": {
            "version": "0.4.0",
            "resolved": "https://registry.npmjs.org/objj-parser/-/objj-parser-0.4.0.tgz",
            "integrity": "sha512-Kw6tbMp4K+lLm1jdKpcrgLu8MZg3JY1sSi4kzOncIO8nM5uzyLYY2xwwpsLdqxaipfB1n8Gr1EnscdKOcLJ80A=="
        },
        "objj-runtime": {
            "version": "0.4.6",
            "resolved": "https://registry.npmjs.org/objj-runtime/-/objj-runtime-0.4.6.tgz",
            "integrity": "sha512-KnGBEEOSYi2mWMnrmlqyg/pWTw0h58pRfD7r1Uz9YB6RkZ4YodVASF+9+1uwr8ZRV9Pe/VPhemcFGJA+bJvPwQ==",
            "requires": {
                "objj-transpiler": "^0.5.0",
                "readline-history": ">=1.2.0",
                "xmldom": "^0.6.0",
                "xmlhttprequest-ssl": ">=1.6.2"
            }
        },
        "objj-transpiler": {
            "version": "0.5.1",
            "resolved": "https://registry.npmjs.org/objj-transpiler/-/objj-transpiler-0.5.1.tgz",
            "integrity": "sha512-KSIjnKJZcQ3HExF5zUjRNNtm+zfmbzfEF8es2H2xBu7b2hPEdP+bpOuZCb65+f+To/Ei+E90b+UsdKcsjwyG+w==",
            "requires": {
                "objj-parser": ">=0.4.0",
                "source-map": "0.4.x"
            }
        },
        "readline-history": {
            "version": "1.2.0",
            "resolved": "https://registry.npmjs.org/readline-history/-/readline-history-1.2.0.tgz",
            "integrity": "sha1-9nBUOyzpASFH/pkD+D0cGJwX0zM="
        },
        "source-map": {
            "version": "0.4.4",
            "resolved": "https://registry.npmjs.org/source-map/-/source-map-0.4.4.tgz",
            "integrity": "sha1-66T12pwNyZneaAMti092FzZSA2s=",
            "requires": {
                "amdefine": ">=0.0.4"
            }
        },
        "xmldom": {
            "version": "0.6.0",
            "resolved": "https://registry.npmjs.org/xmldom/-/xmldom-0.6.0.tgz",
            "integrity": "sha512-iAcin401y58LckRZ0TkI4k0VSM1Qg0KGSc3i8rU+xrxe19A/BN1zHyVSJY7uoutVlaTSzYyk/v5AmkewAP7jtg=="
        },
        "xmlhttprequest-ssl": {
            "version": "1.6.3",
            "resolved": "https://registry.npmjs.org/xmlhttprequest-ssl/-/xmlhttprequest-ssl-1.6.3.tgz",
            "integrity": "sha512-3XfeQE/wNkvrIktn2Kf0869fC0BN6UpydVasGIeSm2B1Llihf7/0UfZM+eCkOw3P7bP4+qPgqhm7ZoxuJtFU0Q=="
        }
    }
}
